
Microsoft Visual Studio Solution File, Format Version 12.00
# Visual Studio Version 16
VisualStudioVersion = 16.0.32407.337
MinimumVisualStudioVersion = 10.0.40219.1
Project("{9A19103F-16F7-4668-BE54-9A1E7A4F7556}") = "ConsoleApp1", "ConsoleApp1\ConsoleApp1.csproj", "{A3726553-D7BF-43CA-9070-8183A018A6AF}"
EndProject
Project("{2150E333-8FDC-42A3-9474-1A3956D46DE8}") = "Solution Items", "Solution Items", "{1CD417C8-8524-4EE8-933D-207BE7D618E7}"
	ProjectSection(SolutionItems) = preProject
		TextFile1.txt = TextFile1.txt
	EndProjectSection
EndProject
Global
	GlobalSection(SolutionConfigurationPlatforms) = preSolution
		Debug|Any CPU = Debug|Any CPU
		Release|Any CPU = Release|Any CPU
	EndGlobalSection
	GlobalSection(ProjectConfigurationPlatforms) = postSolution
		{A3726553-D7BF-43CA-9070-8183A018A6AF}.Debug|Any CPU.ActiveCfg = Debug|Any CPU
		{A3726553-D7BF-43CA-9070-8183A018A6AF}.Debug|Any CPU.Build.0 = Debug|Any CPU
		{A3726553-D7BF-43CA-9070-8183A018A6AF}.Release|Any CPU.ActiveCfg = Release|Any CPU
		{A3726553-D7BF-43CA-9070-8183A018A6AF}.Release|Any CPU.Build.0 = Release|Any CPU
	EndGlobalSection
	GlobalSection(SolutionProperties) = preSolution
		HideSolutionNode = FALSE
	EndGlobalSection
	GlobalSection(ExtensibilityGlobals) = postSolution
		SolutionGuid = {F829A427-BBD4-4EC3-B623-5D6191702B52}
	EndGlobalSection
EndGlobal
